# THIS IS AN AUTOGENERATED FILE. DO NOT EDIT THIS FILE DIRECTLY.
# yarn lockfile v1


validator@^11.0.0:
  version "11.0.0"
  resolved "https://registry.yarnpkg.com/validator/-/validator-11.0.0.tgz#fb10128bfb1fd14ce4ed36b79fc94289eae70667"
  integrity sha512-+wnGLYqaKV2++nUv60uGzUJyJQwYVOin6pn1tgEiFCeCQO60yeu3Og9/yPccbBX574kxIcEJicogkzx6s6eyag==
